
Microsoft Visual Studio Solution File, Format Version 12.00
# Visual Studio Version 17
VisualStudioVersion = 17.5.33530.505
MinimumVisualStudioVersion = 10.0.40219.1
Project("{FAE04EC0-301F-11D3-BF4B-00C04F79EFBC}") = "WpfApp_sqlite", "WpfApp_sqlite\WpfApp_sqlite.csproj", "{F2ACDA70-0751-4E96-8BB0-C1780EF0097B}"
EndProject
Global
	GlobalSection(SolutionConfigurationPlatforms) = preSolution
		Debug|Any CPU = Debug|Any CPU
		Release|Any CPU = Release|Any CPU
	EndGlobalSection
	GlobalSection(ProjectConfigurationPlatforms) = postSolution
		{F2ACDA70-0751-4E96-8BB0-C1780EF0097B}.Debug|Any CPU.ActiveCfg = Debug|Any CPU
		{F2ACDA70-0751-4E96-8BB0-C1780EF0097B}.Debug|Any CPU.Build.0 = Debug|Any CPU
		{F2ACDA70-0751-4E96-8BB0-C1780EF0097B}.Release|Any CPU.ActiveCfg = Release|Any CPU
		{F2ACDA70-0751-4E96-8BB0-C1780EF0097B}.Release|Any CPU.Build.0 = Release|Any CPU
	EndGlobalSection
	GlobalSection(SolutionProperties) = preSolution
		HideSolutionNode = FALSE
	EndGlobalSection
	GlobalSection(ExtensibilityGlobals) = postSolution
		SolutionGuid = {5F06D573-B238-43E0-A3CA-9BE67637F0EA}
	EndGlobalSection
EndGlobal
